inputs:
    - name: registry/pentops/builds
      version: 2b24f958c1b2912acfced6a4f2aefbdbfd478cd7
    - name: registry/pentops/o5-deploy
      version: e3b00723fa07ef1dbf50c070731db7e44df9b3c1
    - name: registry/pentops/dante
      version: 095314884dc01e23a41c581d98b7debfcd12f999
    - name: registry/pentops/ges
      version: cef291d16453a6306920fac824a7785efd07a720
    - name: registry/pentops/realm
      version: aacc1b26be5da606f86bf9eecc66053b3c64581e
